
Microsoft Visual Studio Solution File, Format Version 12.00
# Visual Studio 15
VisualStudioVersion = 15.0.27130.2036
MinimumVisualStudioVersion = 10.0.40219.1
Project("{8BC9CEB8-8B4A-11D0-8D11-00A0C91BC942}") = "Fourier transform", "Fourier transform\Fourier transform.vcxproj", "{7D0AC207-E63D-48E9-85AA-E5FC7B37CE66}"
EndProject
Global
	GlobalSection(SolutionConfigurationPlatforms) = preSolution
		Debug|x64 = Debug|x64
		Debug|x86 = Debug|x86
		Release|x64 = Release|x64
		Release|x86 = Release|x86
	EndGlobalSection
	GlobalSection(ProjectConfigurationPlatforms) = postSolution
		{7D0AC207-E63D-48E9-85AA-E5FC7B37CE66}.Debug|x64.ActiveCfg = Debug|x64
		{7D0AC207-E63D-48E9-85AA-E5FC7B37CE66}.Debug|x64.Build.0 = Debug|x64
		{7D0AC207-E63D-48E9-85AA-E5FC7B37CE66}.Debug|x86.ActiveCfg = Debug|Win32
		{7D0AC207-E63D-48E9-85AA-E5FC7B37CE66}.Debug|x86.Build.0 = Debug|Win32
		{7D0AC207-E63D-48E9-85AA-E5FC7B37CE66}.Release|x64.ActiveCfg = Release|x64
		{7D0AC207-E63D-48E9-85AA-E5FC7B37CE66}.Release|x64.Build.0 = Release|x64
		{7D0AC207-E63D-48E9-85AA-E5FC7B37CE66}.Release|x86.ActiveCfg = Release|Win32
		{7D0AC207-E63D-48E9-85AA-E5FC7B37CE66}.Release|x86.Build.0 = Release|Win32
	EndGlobalSection
	GlobalSection(SolutionProperties) = preSolution
		HideSolutionNode = FALSE
	EndGlobalSection
	GlobalSection(ExtensibilityGlobals) = postSolution
		SolutionGuid = {5074C0B4-99F9-42A3-ABDF-D131972FACF4}
	EndGlobalSection
EndGlobal
